// !$*UTF8*$!
{
	archiveVersion = 1;
	classes = {
	};
	objectVersion = 51;
	objects = {

/* Begin PBXBuildFile section */
		1FA45F3CEA95FBD5079E670A /* Pods_ButtonFilter.framework in Frameworks */ = {isa = PBXBuildFile; fileRef = B26F4E7A7FF182E85114D291 /* Pods_ButtonFilter.framework */; };
		7A8F0F5322C185FA00619034 /* AppDelegate.swift in Sources */ = {isa = PBXBuildFile; fileRef = 7A8F0F5222C185FA00619034 /* AppDelegate.swift */; };
		7A8F0F5522C185FA00619034 /* ViewController.swift in Sources */ = {isa = PBXBuildFile; fileRef = 7A8F0F5422C185FA00619034 /* ViewController.swift */; };
		7A8F0F5822C185FA00619034 /* Main.storyboard in Resources */ = {isa = PBXBuildFile; fileRef = 7A8F0F5622C185FA00619034 /* Main.storyboard */; };
		7A8F0F5A22C185FC00619034 /* Assets.xcassets in Resources */ = {isa = PBXBuildFile; fileRef = 7A8F0F5922C185FC00619034 /* Assets.xcassets */; };
		7A8F0F5D22C185FC00619034 /* LaunchScreen.storyboard in Resources */ = {isa = PBXBuildFile; fileRef = 7A8F0F5B22C185FC00619034 /* LaunchScreen.storyboard */; };
		7A8F0F6622C18A5800619034 /* TagCollectionViewCell.swift in Sources */ = {isa = PBXBuildFile; fileRef = 7A8F0F6522C18A5800619034 /* TagCollectionViewCell.swift */; };
		7ADB0CB922C27E820083BB07 /* InformationCollectionViewCell.swift in Sources */ = {isa = PBXBuildFile; fileRef = 7ADB0CB822C27E820083BB07 /* InformationCollectionViewCell.swift */; };
		7ADB0CBC22C280A20083BB07 /* InformationModel.swift in Sources */ = {isa = PBXBuildFile; fileRef = 7ADB0CBB22C280A20083BB07 /* InformationModel.swift */; };
		7ADB0CBF22C28B3B0083BB07 /* UIViewExtension.swift in Sources */ = {isa = PBXBuildFile; fileRef = 7ADB0CBE22C28B3B0083BB07 /* UIViewExtension.swift */; };
/* End PBXBuildFile section */

/* Begin PBXFileReference section */
		7A8F0F4F22C185FA00619034 /* ButtonFilter.app */ = {isa = PBXFileReference; explicitFileType = wrapper.application; includeInIndex = 0; path = ButtonFilter.app; sourceTree = BUILT_PRODUCTS_DIR; };
		7A8F0F5222C185FA00619034 /* AppDelegate.swift */ = {isa = PBXFileReference; lastKnownFileType = sourcecode.swift; path = AppDelegate.swift; sourceTree = "<group>"; };
		7A8F0F5422C185FA00619034 /* ViewController.swift */ = {isa = PBXFileReference; lastKnownFileType = sourcecode.swift; path = ViewController.swift; sourceTree = "<group>"; };
		7A8F0F5722C185FA00619034 /* Base */ = {isa = PBXFileReference; lastKnownFileType = file.storyboard; name = Base; path = Base.lproj/Main.storyboard; sourceTree = "<group>"; };
		7A8F0F5922C185FC00619034 /* Assets.xcassets */ = {isa = PBXFileReference; lastKnownFileType = folder.assetcatalog; path = Assets.xcassets; sourceTree = "<group>"; };
		7A8F0F5C22C185FC00619034 /* Base */ = {isa = PBXFileReference; lastKnownFileType = file.storyboard; name = Base; path = Base.lproj/LaunchScreen.storyboard; sourceTree = "<group>"; };
		7A8F0F5E22C185FC00619034 /* Info.plist */ = {isa = PBXFileReference; lastKnownFileType = text.plist.xml; path = Info.plist; sourceTree = "<group>"; };
		7A8F0F6522C18A5800619034 /* TagCollectionViewCell.swift */ = {isa = PBXFileReference; lastKnownFileType = sourcecode.swift; path = TagCollectionViewCell.swift; sourceTree = "<group>"; };
		7ADB0CB822C27E820083BB07 /* InformationCollectionViewCell.swift */ = {isa = PBXFileReference; lastKnownFileType = sourcecode.swift; path = InformationCollectionViewCell.swift; sourceTree = "<group>"; };
		7ADB0CBB22C280A20083BB07 /* InformationModel.swift */ = {isa = PBXFileReference; lastKnownFileType = sourcecode.swift; path = InformationModel.swift; sourceTree = "<group>"; };
		7ADB0CBE22C28B3B0083BB07 /* UIViewExtension.swift */ = {isa = PBXFileReference; lastKnownFileType = sourcecode.swift; path = UIViewExtension.swift; sourceTree = "<group>"; };
		8D26E02A46F79F063236CD14 /* Pods-ButtonFilter.release.xcconfig */ = {isa = PBXFileReference; includeInIndex = 1; lastKnownFileType = text.xcconfig; name = "Pods-ButtonFilter.release.xcconfig"; path = "Target Support Files/Pods-ButtonFilter/Pods-ButtonFilter.release.xcconfig"; sourceTree = "<group>"; };
		B26F4E7A7FF182E85114D291 /* Pods_ButtonFilter.framework */ = {isa = PBXFileReference; explicitFileType = wrapper.framework; includeInIndex = 0; path = Pods_ButtonFilter.framework; sourceTree = BUILT_PRODUCTS_DIR; };
		D0BB3A62585A7A5F43E8B110 /* Pods-ButtonFilter.debug.xcconfig */ = {isa = PBXFileReference; includeInIndex = 1; lastKnownFileType = text.xcconfig; name = "Pods-ButtonFilter.debug.xcconfig"; path = "Target Support Files/Pods-ButtonFilter/Pods-ButtonFilter.debug.xcconfig"; sourceTree = "<group>"; };
/* End PBXFileReference section */

/* Begin PBXFrameworksBuildPhase section */
		7A8F0F4C22C185FA00619034 /* Frameworks */ = {
			isa = PBXFrameworksBuildPhase;
			buildActionMask = 2147483647;
			files = (
				1FA45F3CEA95FBD5079E670A /* Pods_ButtonFilter.framework in Frameworks */,
			);
			runOnlyForDeploymentPostprocessing = 0;
		};
/* End PBXFrameworksBuildPhase section */

/* Begin PBXGroup section */
		4971AF687DDA80A2DBE14BC7 /* Frameworks */ = {
			isa = PBXGroup;
			children = (
				B26F4E7A7FF182E85114D291 /* Pods_ButtonFilter.framework */,
			);
			name = Frameworks;
			sourceTree = "<group>";
		};
		7A8F0F4622C185FA00619034 = {
			isa = PBXGroup;
			children = (
				7A8F0F5122C185FA00619034 /* ButtonFilter */,
				7A8F0F5022C185FA00619034 /* Products */,
				EFD5665C249153FD9D188BFC /* Pods */,
				4971AF687DDA80A2DBE14BC7 /* Frameworks */,
			);
			sourceTree = "<group>";
		};
		7A8F0F5022C185FA00619034 /* Products */ = {
			isa = PBXGroup;
			children = (
				7A8F0F4F22C185FA00619034 /* ButtonFilter.app */,
			);
			name = Products;
			sourceTree = "<group>";
		};
		7A8F0F5122C185FA00619034 /* ButtonFilter */ = {
			isa = PBXGroup;
			children = (
				7A8F0F5222C185FA00619034 /* AppDelegate.swift */,
				7A8F0F5622C185FA00619034 /* Main.storyboard */,
				7A8F0F5922C185FC00619034 /* Assets.xcassets */,
				7A8F0F5B22C185FC00619034 /* LaunchScreen.storyboard */,
				7A8F0F5E22C185FC00619034 /* Info.plist */,
				7ADB0CBA22C280880083BB07 /* Models */,
				7A8F0F6422C18A3500619034 /* Controllers */,
				7ADB0CBD22C28B130083BB07 /* Extensions */,
			);
			path = ButtonFilter;
			sourceTree = "<group>";
		};
		7A8F0F6422C18A3500619034 /* Controllers */ = {
			isa = PBXGroup;
			children = (
				7A8F0F5422C185FA00619034 /* ViewController.swift */,
				7A8F0F6522C18A5800619034 /* TagCollectionViewCell.swift */,
				7ADB0CB822C27E820083BB07 /* InformationCollectionViewCell.swift */,
			);
			path = Controllers;
			sourceTree = "<group>";
		};
		7ADB0CBA22C280880083BB07 /* Models */ = {
			isa = PBXGroup;
			children = (
				7ADB0CBB22C280A20083BB07 /* InformationModel.swift */,
			);
			path = Models;
			sourceTree = "<group>";
		};
		7ADB0CBD22C28B130083BB07 /* Extensions */ = {
			isa = PBXGroup;
			children = (
				7ADB0CBE22C28B3B0083BB07 /* UIViewExtension.swift */,
			);
			path = Extensions;
			sourceTree = "<group>";
		};
		EFD5665C249153FD9D188BFC /* Pods */ = {
			isa = PBXGroup;
			children = (
				D0BB3A62585A7A5F43E8B110 /* Pods-ButtonFilter.debug.xcconfig */,
				8D26E02A46F79F063236CD14 /* Pods-ButtonFilter.release.xcconfig */,
			);
			path = Pods;
			sourceTree = "<group>";
		};
/* End PBXGroup section */

/* Begin PBXNativeTarget section */
		7A8F0F4E22C185FA00619034 /* ButtonFilter */ = {
			isa = PBXNativeTarget;
			buildConfigurationList = 7A8F0F6122C185FC00619034 /* Build configuration list for PBXNativeTarget "ButtonFilter" */;
			buildPhases = (
				043E55A6191B16BD7BE598D8 /* [CP] Check Pods Manifest.lock */,
				7A8F0F4B22C185FA00619034 /* Sources */,
				7A8F0F4C22C185FA00619034 /* Frameworks */,
				7A8F0F4D22C185FA00619034 /* Resources */,
				A2705F189DD79299BBD15D7F /* [CP] Embed Pods Frameworks */,
			);
			buildRules = (
			);
			dependencies = (
			);
			name = ButtonFilter;
			productName = ButtonFilter;
			productReference = 7A8F0F4F22C185FA00619034 /* ButtonFilter.app */;
			productType = "com.apple.product-type.application";
		};
/* End PBXNativeTarget section */

/* Begin PBXProject section */
		7A8F0F4722C185FA00619034 /* Project object */ = {
			isa = PBXProject;
			attributes = {
				LastSwiftUpdateCheck = 1020;
				LastUpgradeCheck = 1020;
				ORGANIZATIONNAME = Thaliees;
				TargetAttributes = {
					7A8F0F4E22C185FA00619034 = {
						CreatedOnToolsVersion = 10.2.1;
					};
				};
			};
			buildConfigurationList = 7A8F0F4A22C185FA00619034 /* Build configuration list for PBXProject "ButtonFilter" */;
			compatibilityVersion = "Xcode 9.3";
			developmentRegion = en;
			hasScannedForEncodings = 0;
			knownRegions = (
				en,
				Base,
			);
			mainGroup = 7A8F0F4622C185FA00619034;
			productRefGroup = 7A8F0F5022C185FA00619034 /* Products */;
			projectDirPath = "";
			projectRoot = "";
			targets = (
				7A8F0F4E22C185FA00619034 /* ButtonFilter */,
			);
		};
/* End PBXProject section */

/* Begin PBXResourcesBuildPhase section */
		7A8F0F4D22C185FA00619034 /* Resources */ = {
			isa = PBXResourcesBuildPhase;
			buildActionMask = 2147483647;
			files = (
				7A8F0F5D22C185FC00619034 /* LaunchScreen.storyboard in Resources */,
				7A8F0F5A22C185FC00619034 /* Assets.xcassets in Resources */,
				7A8F0F5822C185FA00619034 /* Main.storyboard in Resources */,
			);
			runOnlyForDeploymentPostprocessing = 0;
		};
/* End PBXResourcesBuildPhase section */

/* Begin PBXShellScriptBuildPhase section */
		043E55A6191B16BD7BE598D8 /* [CP] Check Pods Manifest.lock */ = {
			isa = PBXShellScriptBuildPhase;
			buildActionMask = 2147483647;
			files = (
			);
			inputFileListPaths = (
			);
			inputPaths = (
				"${PODS_PODFILE_DIR_PATH}/Podfile.lock",
				"${PODS_ROOT}/Manifest.lock",
			);
			name = "[CP] Check Pods Manifest.lock";
			outputFileListPaths = (
			);
			outputPaths = (
				"$(DERIVED_FILE_DIR)/Pods-ButtonFilter-checkManifestLockResult.txt",
			);
			runOnlyForDeploymentPostprocessing = 0;
			shellPath = /bin/sh;
			shellScript = "diff \"${PODS_PODFILE_DIR_PATH}/Podfile.lock\" \"${PODS_ROOT}/Manifest.lock\" > /dev/null\nif [ $? != 0 ] ; then\n    # print error to STDERR\n    echo \"error: The sandbox is not in sync with the Podfile.lock. Run 'pod install' or update your CocoaPods installation.\" >&2\n    exit 1\nfi\n# This output is used by Xcode 'outputs' to avoid re-running this script phase.\necho \"SUCCESS\" > \"${SCRIPT_OUTPUT_FILE_0}\"\n";
			showEnvVarsInLog = 0;
		};
		A2705F189DD79299BBD15D7F /* [CP] Embed Pods Frameworks */ = {
			isa = PBXShellScriptBuildPhase;
			buildActionMask = 2147483647;
			files = (
			);
			inputFileListPaths = (
				"${PODS_ROOT}/Target Support Files/Pods-ButtonFilter/Pods-ButtonFilter-frameworks-${CONFIGURATION}-input-files.xcfilelist",
			);
			name = "[CP] Embed Pods Frameworks";
			outputFileListPaths = (
				"${PODS_ROOT}/Target Support Files/Pods-ButtonFilter/Pods-ButtonFilter-frameworks-${CONFIGURATION}-output-files.xcfilelist",
			);
			runOnlyForDeploymentPostprocessing = 0;
			shellPath = /bin/sh;
			shellScript = "\"${PODS_ROOT}/Target Support Files/Pods-ButtonFilter/Pods-ButtonFilter-frameworks.sh\"\n";
			showEnvVarsInLog = 0;
		};
/* End PBXShellScriptBuildPhase section */

/* Begin PBXSourcesBuildPhase section */
		7A8F0F4B22C185FA00619034 /* Sources */ = {
			isa = PBXSourcesBuildPhase;
			buildActionMask = 2147483647;
			files = (
				7A8F0F6622C18A5800619034 /* TagCollectionViewCell.swift in Sources */,
				7A8F0F5522C185FA00619034 /* ViewController.swift in Sources */,
				7ADB0CBC22C280A20083BB07 /* InformationModel.swift in Sources */,
				7A8F0F5322C185FA00619034 /* AppDelegate.swift in Sources */,
				7ADB0CB922C27E820083BB07 /* InformationCollectionViewCell.swift in Sources */,
				7ADB0CBF22C28B3B0083BB07 /* UIViewExtension.swift in Sources */,
			);
			runOnlyForDeploymentPostprocessing = 0;
		};
/* End PBXSourcesBuildPhase section */

/* Begin PBXVariantGroup section */
		7A8F0F5622C185FA00619034 /* Main.storyboard */ = {
			isa = PBXVariantGroup;
			children = (
				7A8F0F5722C185FA00619034 /* Base */,
			);
			name = Main.storyboard;
			sourceTree = "<group>";
		};
		7A8F0F5B22C185FC00619034 /* LaunchScreen.storyboard */ = {
			isa = PBXVariantGroup;
			children = (
				7A8F0F5C22C185FC00619034 /* Base */,
			);
			name = LaunchScreen.storyboard;
			sourceTree = "<group>";
		};
/* End PBXVariantGroup section */

/* Begin XCBuildConfiguration section */
		7A8F0F5F22C185FC00619034 /* Debug */ = {
			isa = XCBuildConfiguration;
			buildSettings = {
				ALWAYS_SEARCH_USER_PATHS = NO;
				CLANG_ANALYZER_NONNULL = YES;
				CLANG_ANALYZER_NUMBER_OBJECT_CONVERSION = YES_AGGRESSIVE;
				CLANG_CXX_LANGUAGE_STANDARD = "gnu++14";
				CLANG_CXX_LIBRARY = "libc++";
				CLANG_ENABLE_MODULES = YES;
				CLANG_ENABLE_OBJC_ARC = YES;
				CLANG_ENABLE_OBJC_WEAK = YES;
				CLANG_WARN_BLOCK_CAPTURE_AUTORELEASING = YES;
				CLANG_WARN_BOOL_CONVERSION = YES;
				CLANG_WARN_COMMA = YES;
				CLANG_WARN_CONSTANT_CONVERSION = YES;
				CLANG_WARN_DEPRECATED_OBJC_IMPLEMENTATIONS = YES;
				CLANG_WARN_DIRECT_OBJC_ISA_USAGE = YES_ERROR;
				CLANG_WARN_DOCUMENTATION_COMMENTS = YES;
				CLANG_WARN_EMPTY_BODY = YES;
				CLANG_WARN_ENUM_CONVERSION = YES;
				CLANG_WARN_INFINITE_RECURSION = YES;
				CLANG_WARN_INT_CONVERSION = YES;
				CLANG_WARN_NON_LITERAL_NULL_CONVERSION = YES;
				CLANG_WARN_OBJC_IMPLICIT_RETAIN_SELF = YES;
				CLANG_WARN_OBJC_LITERAL_CONVERSION = YES;
				CLANG_WARN_OBJC_ROOT_CLASS = YES_ERROR;
				CLANG_WARN_RANGE_LOOP_ANALYSIS = YES;
				CLANG_WARN_STRICT_PROTOTYPES = YES;
				CLANG_WARN_SUSPICIOUS_MOVE = YES;
				CLANG_WARN_UNGUARDED_AVAILABILITY = YES_AGGRESSIVE;
				CLANG_WARN_UNREACHABLE_CODE = YES;
				CLANG_WARN__DUPLICATE_METHOD_MATCH = YES;
				CODE_SIGN_IDENTITY = "iPhone Developer";
				COPY_PHASE_STRIP = NO;
				DEBUG_INFORMATION_FORMAT = dwarf;
				ENABLE_STRICT_OBJC_MSGSEND = YES;
				ENABLE_TESTABILITY = YES;
				GCC_C_LANGUAGE_STANDARD = gnu11;
				GCC_DYNAMIC_NO_PIC = NO;
				GCC_NO_COMMON_BLOCKS = YES;
				GCC_OPTIMIZATION_LEVEL = 0;
				GCC_PREPROCESSOR_DEFINITIONS = (
					"DEBUG=1",
					"$(inherited)",
				);
				GCC_WARN_64_TO_32_BIT_CONVERSION = YES;
				GCC_WARN_ABOUT_RETURN_TYPE = YES_ERROR;
				GCC_WARN_UNDECLARED_SELECTOR = YES;
				GCC_WARN_UNINITIALIZED_AUTOS = YES_AGGRESSIVE;
				GCC_WARN_UNUSED_FUNCTION = YES;
				GCC_WARN_UNUSED_VARIABLE = YES;
				IPHONEOS_DEPLOYMENT_TARGET = 12.2;
				MTL_ENABLE_DEBUG_INFO = INCLUDE_SOURCE;
				MTL_FAST_MATH = YES;
				ONLY_ACTIVE_ARCH = YES;
				SDKROOT = iphoneos;
				SWIFT_ACTIVE_COMPILATION_CONDITIONS = DEBUG;
				SWIFT_OPTIMIZATION_LEVEL = "-Onone";
			};
			name = Debug;
		};
		7A8F0F6022C185FC00619034 /* Release */ = {
			isa = XCBuildConfiguration;
			buildSettings = {
				ALWAYS_SEARCH_USER_PATHS = NO;
				CLANG_ANALYZER_NONNULL = YES;
				CLANG_ANALYZER_NUMBER_OBJECT_CONVERSION = YES_AGGRESSIVE;
				CLANG_CXX_LANGUAGE_STANDARD = "gnu++14";
				CLANG_CXX_LIBRARY = "libc++";
				CLANG_ENABLE_MODULES = YES;
				CLANG_ENABLE_OBJC_ARC = YES;
				CLANG_ENABLE_OBJC_WEAK = YES;
				CLANG_WARN_BLOCK_CAPTURE_AUTORELEASING = YES;
				CLANG_WARN_BOOL_CONVERSION = YES;
				CLANG_WARN_COMMA = YES;
				CLANG_WARN_CONSTANT_CONVERSION = YES;
				CLANG_WARN_DEPRECATED_OBJC_IMPLEMENTATIONS = YES;
				CLANG_WARN_DIRECT_OBJC_ISA_USAGE = YES_ERROR;
				CLANG_WARN_DOCUMENTATION_COMMENTS = YES;
				CLANG_WARN_EMPTY_BODY = YES;
				CLANG_WARN_ENUM_CONVERSION = YES;
				CLANG_WARN_INFINITE_RECURSION = YES;
				CLANG_WARN_INT_CONVERSION = YES;
				CLANG_WARN_NON_LITERAL_NULL_CONVERSION = YES;
				CLANG_WARN_OBJC_IMPLICIT_RETAIN_SELF = YES;
				CLANG_WARN_OBJC_LITERAL_CONVERSION = YES;
				CLANG_WARN_OBJC_ROOT_CLASS = YES_ERROR;
				CLANG_WARN_RANGE_LOOP_ANALYSIS = YES;
				CLANG_WARN_STRICT_PROTOTYPES = YES;
				CLANG_WARN_SUSPICIOUS_MOVE = YES;
				CLANG_WARN_UNGUARDED_AVAILABILITY = YES_AGGRESSIVE;
				CLANG_WARN_UNREACHABLE_CODE = YES;
				CLANG_WARN__DUPLICATE_METHOD_MATCH = YES;
				CODE_SIGN_IDENTITY = "iPhone Developer";
				COPY_PHASE_STRIP = NO;
				DEBUG_INFORMATION_FORMAT = "dwarf-with-dsym";
				ENABLE_NS_ASSERTIONS = NO;
				ENABLE_STRICT_OBJC_MSGSEND = YES;
				GCC_C_LANGUAGE_STANDARD = gnu11;
				GCC_NO_COMMON_BLOCKS = YES;
				GCC_WARN_64_TO_32_BIT_CONVERSION = YES;
				GCC_WARN_ABOUT_RETURN_TYPE = YES_ERROR;
				GCC_WARN_UNDECLARED_SELECTOR = YES;
				GCC_WARN_UNINITIALIZED_AUTOS = YES_AGGRESSIVE;
				GCC_WARN_UNUSED_FUNCTION = YES;
				GCC_WARN_UNUSED_VARIABLE = YES;
				IPHONEOS_DEPLOYMENT_TARGET = 12.2;
				MTL_ENABLE_DEBUG_INFO = NO;
				MTL_FAST_MATH = YES;
				SDKROOT = iphoneos;
				SWIFT_COMPILATION_MODE = wholemodule;
				SWIFT_OPTIMIZATION_LEVEL = "-O";
				VALIDATE_PRODUCT = YES;
			};
			name = Release;
		};
		7A8F0F6222C185FC00619034 /* Debug */ = {
			isa = XCBuildConfiguration;
			baseConfigurationReference = D0BB3A62585A7A5F43E8B110 /* Pods-ButtonFilter.debug.xcconfig */;
			buildSettings = {
				ASSETCATALOG_COMPILER_APPICON_NAME = AppIcon;
				CODE_SIGN_STYLE = Automatic;
				DEVELOPMENT_TEAM = ZUDV46PUCB;
				INFOPLIST_FILE = ButtonFilter/Info.plist;
				IPHONEOS_DEPLOYMENT_TARGET = 9.0;
				LD_RUNPATH_SEARCH_PATHS = (
					"$(inherited)",
					"@executable_path/Frameworks",
				);
				PRODUCT_BUNDLE_IDENTIFIER = com.Thaliees.ButtonFilter;
				PRODUCT_NAME = "$(TARGET_NAME)";
				SWIFT_VERSION = 5.0;
				TARGETED_DEVICE_FAMILY = "1,2";
			};
			name = Debug;
		};
		7A8F0F6322C185FC00619034 /* Release */ = {
			isa = XCBuildConfiguration;
			baseConfigurationReference = 8D26E02A46F79F063236CD14 /* Pods-ButtonFilter.release.xcconfig */;
			buildSettings = {
				ASSETCATALOG_COMPILER_APPICON_NAME = AppIcon;
				CODE_SIGN_STYLE = Automatic;
				DEVELOPMENT_TEAM = ZUDV46PUCB;
				INFOPLIST_FILE = ButtonFilter/Info.plist;
				IPHONEOS_DEPLOYMENT_TARGET = 9.0;
				LD_RUNPATH_SEARCH_PATHS = (
					"$(inherited)",
					"@executable_path/Frameworks",
				);
				PRODUCT_BUNDLE_IDENTIFIER = com.Thaliees.ButtonFilter;
				PRODUCT_NAME = "$(TARGET_NAME)";
				SWIFT_VERSION = 5.0;
				TARGETED_DEVICE_FAMILY = "1,2";
			};
			name = Release;
		};
/* End XCBuildConfiguration section */

/* Begin XCConfigurationList section */
		7A8F0F4A22C185FA00619034 /* Build configuration list for PBXProject "ButtonFilter" */ = {
			isa = XCConfigurationList;
			buildConfigurations = (
				7A8F0F5F22C185FC00619034 /* Debug */,
				7A8F0F6022C185FC00619034 /* Release */,
			);
			defaultConfigurationIsVisible = 0;
			defaultConfigurationName = Release;
		};
		7A8F0F6122C185FC00619034 /* Build configuration list for PBXNativeTarget "ButtonFilter" */ = {
			isa = XCConfigurationList;
			buildConfigurations = (
				7A8F0F6222C185FC00619034 /* Debug */,
				7A8F0F6322C185FC00619034 /* Release */,
			);
			defaultConfigurationIsVisible = 0;
			defaultConfigurationName = Release;
		};
/* End XCConfigurationList section */
	};
	rootObject = 7A8F0F4722C185FA00619034 /* Project object */;
}
